
Microsoft Visual Studio Solution File, Format Version 12.00
# Visual Studio Version 17
VisualStudioVersion = 17.0.31903.59
MinimumVisualStudioVersion = 10.0.40219.1
Project("{2150E333-8FDC-42A3-9474-1A3956D46DE8}") = "src", "src", "{88C15FB0-22D9-4B44-950B-15CC0187C7F9}"
EndProject
Project("{2150E333-8FDC-42A3-9474-1A3956D46DE8}") = "tests", "tests", "{C98A5AA7-C428-4524-BD69-B7761AFE0E02}"
EndProject
Project("{FAE04EC0-301F-11D3-BF4B-00C04F79EFBC}") = "SyntaxHighlighter", "src\SyntaxHighlighter.csproj", "{72311054-0C2C-4666-A8A6-31AE1C356AB4}"
EndProject
Project("{FAE04EC0-301F-11D3-BF4B-00C04F79EFBC}") = "SyntaxHighlighterTests", "tests\SyntaxHighlighterTests.csproj", "{3D0D2C88-4538-4341-8A8D-6B4AC4FC8D96}"
EndProject
Project("{2150E333-8FDC-42A3-9474-1A3956D46DE8}") = "solution items", "solution items", "{ADF57474-1035-4088-8D9F-D3ACAFE21269}"
	ProjectSection(SolutionItems) = preProject
		README.md = README.md
		.gitignore = .gitignore
		global.json = global.json
		LICENSE = LICENSE
	EndProjectSection
EndProject
Project("{2150E333-8FDC-42A3-9474-1A3956D46DE8}") = "samples", "samples", "{86C3775C-28EF-4875-B99C-95EAFA595E26}"
EndProject
Project("{2150E333-8FDC-42A3-9474-1A3956D46DE8}") = "console-output", "console-output", "{8EEF5A73-A19E-4DAC-ADF5-7EABCE0C19CE}"
EndProject
Project("{FAE04EC0-301F-11D3-BF4B-00C04F79EFBC}") = "csharp-console-highlighter", "samples\console-output\csharp-console-highlighter\csharp-console-highlighter.csproj", "{089CF515-0EB7-4492-853E-93419B29F027}"
EndProject
Project("{FAE04EC0-301F-11D3-BF4B-00C04F79EFBC}") = "golang-console-highlighter", "samples\console-output\golang-console-highlighter\golang-console-highlighter.csproj", "{F555C1D8-AABA-4979-8635-5DC30A106129}"
EndProject
Global
	GlobalSection(SolutionConfigurationPlatforms) = preSolution
		Debug|Any CPU = Debug|Any CPU
		Release|Any CPU = Release|Any CPU
	EndGlobalSection
	GlobalSection(SolutionProperties) = preSolution
		HideSolutionNode = FALSE
	EndGlobalSection
	GlobalSection(ProjectConfigurationPlatforms) = postSolution
		{72311054-0C2C-4666-A8A6-31AE1C356AB4}.Debug|Any CPU.ActiveCfg = Debug|Any CPU
		{72311054-0C2C-4666-A8A6-31AE1C356AB4}.Debug|Any CPU.Build.0 = Debug|Any CPU
		{72311054-0C2C-4666-A8A6-31AE1C356AB4}.Release|Any CPU.ActiveCfg = Release|Any CPU
		{72311054-0C2C-4666-A8A6-31AE1C356AB4}.Release|Any CPU.Build.0 = Release|Any CPU
		{3D0D2C88-4538-4341-8A8D-6B4AC4FC8D96}.Debug|Any CPU.ActiveCfg = Debug|Any CPU
		{3D0D2C88-4538-4341-8A8D-6B4AC4FC8D96}.Debug|Any CPU.Build.0 = Debug|Any CPU
		{3D0D2C88-4538-4341-8A8D-6B4AC4FC8D96}.Release|Any CPU.ActiveCfg = Release|Any CPU
		{3D0D2C88-4538-4341-8A8D-6B4AC4FC8D96}.Release|Any CPU.Build.0 = Release|Any CPU
		{089CF515-0EB7-4492-853E-93419B29F027}.Debug|Any CPU.ActiveCfg = Debug|Any CPU
		{089CF515-0EB7-4492-853E-93419B29F027}.Debug|Any CPU.Build.0 = Debug|Any CPU
		{089CF515-0EB7-4492-853E-93419B29F027}.Release|Any CPU.ActiveCfg = Release|Any CPU
		{089CF515-0EB7-4492-853E-93419B29F027}.Release|Any CPU.Build.0 = Release|Any CPU
		{F555C1D8-AABA-4979-8635-5DC30A106129}.Debug|Any CPU.ActiveCfg = Debug|Any CPU
		{F555C1D8-AABA-4979-8635-5DC30A106129}.Debug|Any CPU.Build.0 = Debug|Any CPU
		{F555C1D8-AABA-4979-8635-5DC30A106129}.Release|Any CPU.ActiveCfg = Release|Any CPU
		{F555C1D8-AABA-4979-8635-5DC30A106129}.Release|Any CPU.Build.0 = Release|Any CPU
	EndGlobalSection
	GlobalSection(NestedProjects) = preSolution
		{72311054-0C2C-4666-A8A6-31AE1C356AB4} = {88C15FB0-22D9-4B44-950B-15CC0187C7F9}
		{3D0D2C88-4538-4341-8A8D-6B4AC4FC8D96} = {C98A5AA7-C428-4524-BD69-B7761AFE0E02}
		{8EEF5A73-A19E-4DAC-ADF5-7EABCE0C19CE} = {86C3775C-28EF-4875-B99C-95EAFA595E26}
		{089CF515-0EB7-4492-853E-93419B29F027} = {8EEF5A73-A19E-4DAC-ADF5-7EABCE0C19CE}
		{F555C1D8-AABA-4979-8635-5DC30A106129} = {8EEF5A73-A19E-4DAC-ADF5-7EABCE0C19CE}
	EndGlobalSection
EndGlobal
